
Microsoft Visual Studio Solution File, Format Version 12.00
# Visual Studio 2012
Project("{FAE04EC0-301F-11D3-BF4B-00C04F79EFBC}") = "BugTracker", "BugTracker.csproj", "{A9FA2ECB-113F-42E2-910E-0923F2E100FC}"
EndProject
Global
	GlobalSection(SolutionConfigurationPlatforms) = preSolution
		Debug|Any CPU = Debug|Any CPU
		Release|Any CPU = Release|Any CPU
	EndGlobalSection
	GlobalSection(ProjectConfigurationPlatforms) = postSolution
		{A9FA2ECB-113F-42E2-910E-0923F2E100FC}.Debug|Any CPU.ActiveCfg = Debug|Any CPU
		{A9FA2ECB-113F-42E2-910E-0923F2E100FC}.Debug|Any CPU.Build.0 = Debug|Any CPU
		{A9FA2ECB-113F-42E2-910E-0923F2E100FC}.Release|Any CPU.ActiveCfg = Release|Any CPU
		{A9FA2ECB-113F-42E2-910E-0923F2E100FC}.Release|Any CPU.Build.0 = Release|Any CPU
	EndGlobalSection
	GlobalSection(SolutionProperties) = preSolution
		HideSolutionNode = FALSE
	EndGlobalSection
EndGlobal
